{
  "name": "ink",
  "version": "0.9.6a",
  "lockfileVersion": 1,
  "requires": true,
  "dependencies": {
    "@sentry/apm": {
      "version": "5.11.1",
      "resolved": "https://registry.npmjs.org/@sentry/apm/-/apm-5.11.1.tgz",
      "integrity": "sha512-4iZH11p/7w9IMLT9hqNY1+EqLESltiIoF6/YsbpK93sXWGEs8VQ83IuvGuKWxajvHgDmj4ND0TxIliTsYqTqFw==",
      "requires": {
        "@sentry/browser": "5.11.1",
        "@sentry/hub": "5.11.1",
        "@sentry/minimal": "5.11.1",
        "@sentry/types": "5.11.0",
        "@sentry/utils": "5.11.1",
        "tslib": "^1.9.3"
      }
    },
    "@sentry/browser": {
      "version": "5.11.1",
      "resolved": "https://registry.npmjs.org/@sentry/browser/-/browser-5.11.1.tgz",
      "integrity": "sha512-oqOX/otmuP92DEGRyZeBuQokXdeT9HQRxH73oqIURXXNLMP3PWJALSb4HtT4AftEt/2ROGobZLuA4TaID6My/Q==",
      "requires": {
        "@sentry/core": "5.11.1",
        "@sentry/types": "5.11.0",
        "@sentry/utils": "5.11.1",
        "tslib": "^1.9.3"
      }
    },
    "@sentry/core": {
      "version": "5.11.1",
      "resolved": "https://registry.npmjs.org/@sentry/core/-/core-5.11.1.tgz",
      "integrity": "sha512-BpvPosVNT20Xso4gAV54Lu3KqDmD20vO63HYwbNdST5LUi8oYV4JhvOkoBraPEM2cbBwQvwVcFdeEYKk4tin9A==",
      "requires": {
        "@sentry/hub": "5.11.1",
        "@sentry/minimal": "5.11.1",
        "@sentry/types": "5.11.0",
        "@sentry/utils": "5.11.1",
        "tslib": "^1.9.3"
      }
    },
    "@sentry/hub": {
      "version": "5.11.1",
      "resolved": "https://registry.npmjs.org/@sentry/hub/-/hub-5.11.1.tgz",
      "integrity": "sha512-ucKprYCbGGLLjVz4hWUqHN9KH0WKUkGf5ZYfD8LUhksuobRkYVyig0ZGbshECZxW5jcDTzip4Q9Qimq/PkkXBg==",
      "requires": {
        "@sentry/types": "5.11.0",
        "@sentry/utils": "5.11.1",
        "tslib": "^1.9.3"
      }
    },
    "@sentry/minimal": {
      "version": "5.11.1",
      "resolved": "https://registry.npmjs.org/@sentry/minimal/-/minimal-5.11.1.tgz",
      "integrity": "sha512-HK8zs7Pgdq7DsbZQTThrhQPrJsVWzz7MaluAbQA0rTIAJ3TvHKQpsVRu17xDpjZXypqWcKCRsthDrC4LxDM1Bg==",
      "requires": {
        "@sentry/hub": "5.11.1",
        "@sentry/types": "5.11.0",
        "tslib": "^1.9.3"
      }
    },
    "@sentry/node": {
      "version": "5.11.1",
      "resolved": "https://registry.npmjs.org/@sentry/node/-/node-5.11.1.tgz",
      "integrity": "sha512-FbJs0blJ36gEzE0rc2yBfA/KE+kXOLl8MUfFTcyJCBdCGF8XMETDCmgINnJ4TyBUJviwKoPw2TCk9TL2pa/A1w==",
      "requires": {
        "@sentry/apm": "5.11.1",
        "@sentry/core": "5.11.1",
        "@sentry/hub": "5.11.1",
        "@sentry/types": "5.11.0",
        "@sentry/utils": "5.11.1",
        "cookie": "^0.3.1",
        "https-proxy-agent": "^4.0.0",
        "lru_map": "^0.3.3",
        "tslib": "^1.9.3"
      }
    },
    "@sentry/types": {
      "version": "5.11.0",
      "resolved": "https://registry.npmjs.org/@sentry/types/-/types-5.11.0.tgz",
      "integrity": "sha512-1Uhycpmeo1ZK2GLvrtwZhTwIodJHcyIS6bn+t4IMkN9MFoo6ktbAfhvexBDW/IDtdLlCGJbfm8nIZerxy0QUpg=="
    },
    "@sentry/utils": {
      "version": "5.11.1",
      "resolved": "https://registry.npmjs.org/@sentry/utils/-/utils-5.11.1.tgz",
      "integrity": "sha512-O0Zl4R2JJh8cTkQ8ZL2cDqGCmQdpA5VeXpuBbEl1v78LQPkBDISi35wH4mKmLwMsLBtTVpx2UeUHBj0KO5aLlA==",
      "requires": {
        "@sentry/types": "5.11.0",
        "tslib": "^1.9.3"
      }
    },
    "agent-base": {
      "version": "5.1.1",
      "resolved": "https://registry.npmjs.org/agent-base/-/agent-base-5.1.1.tgz",
      "integrity": "sha512-TMeqbNl2fMW0nMjTEPOwe3J/PRFP4vqeoNuQMG0HlMrtm5QxKqdvAkZ1pRBQ/ulIyDD5Yq0nJ7YbdD8ey0TO3g=="
    },
    "async-limiter": {
      "version": "1.0.0",
      "resolved": "https://registry.npmjs.org/async-limiter/-/async-limiter-1.0.0.tgz",
      "integrity": "sha512-jp/uFnooOiO+L211eZOoSyzpOITMXx1rBITauYykG3BRYPu8h0UcxsPNB04RR5vo4Tyz3+ay17tR6JVf9qzYWg=="
    },
    "colors": {
      "version": "1.3.2",
      "resolved": "https://registry.npmjs.org/colors/-/colors-1.3.2.tgz",
      "integrity": "sha512-rhP0JSBGYvpcNQj4s5AdShMeE5ahMop96cTeDl/v9qQQm2fYClE2QXZRi8wLzc+GmXSxdIqqbOIAhyObEXDbfQ=="
    },
    "cookie": {
      "version": "0.3.1",
      "resolved": "https://registry.npmjs.org/cookie/-/cookie-0.3.1.tgz",
      "integrity": "sha1-5+Ch+e9DtMi6klxcWpboBtFoc7s="
    },
    "debug": {
      "version": "4.1.1",
      "resolved": "https://registry.npmjs.org/debug/-/debug-4.1.1.tgz",
      "integrity": "sha512-pYAIzeRo8J6KPEaJ0VWOh5Pzkbw/RetuzehGM7QRRX5he4fPHx2rdKMB256ehJCkX+XRQm16eZLqLNS8RSZXZw==",
      "requires": {
        "ms": "^2.1.1"
      }
    },
    "discord.js": {
      "version": "11.4.2",
      "resolved": "https://registry.npmjs.org/discord.js/-/discord.js-11.4.2.tgz",
      "integrity": "sha512-MDwpu0lMFTjqomijDl1Ed9miMQe6kB4ifKdP28QZllmLv/HVOJXhatRgjS8urp/wBlOfx+qAYSXcdI5cKGYsfg==",
      "requires": {
        "long": "^4.0.0",
        "prism-media": "^0.0.3",
        "snekfetch": "^3.6.4",
        "tweetnacl": "^1.0.0",
        "ws": "^4.0.0"
      }
    },
    "fs": {
      "version": "0.0.1-security",
      "resolved": "https://registry.npmjs.org/fs/-/fs-0.0.1-security.tgz",
      "integrity": "sha1-invTcYa23d84E/I4WLV+yq9eQdQ="
    },
    "https-proxy-agent": {
      "version": "4.0.0",
      "resolved": "https://registry.npmjs.org/https-proxy-agent/-/https-proxy-agent-4.0.0.tgz",
      "integrity": "sha512-zoDhWrkR3of1l9QAL8/scJZyLu8j/gBkcwcaQOZh7Gyh/+uJQzGVETdgT30akuwkpL8HTRfssqI3BZuV18teDg==",
      "requires": {
        "agent-base": "5",
        "debug": "4"
      }
    },
    "long": {
      "version": "4.0.0",
      "resolved": "https://registry.npmjs.org/long/-/long-4.0.0.tgz",
      "integrity": "sha512-XsP+KhQif4bjX1kbuSiySJFNAehNxgLb6hPRGJ9QsUr8ajHkuXGdrHmFUTUUXhDwVX2R5bY4JNZEwbUiMhV+MA=="
    },
    "lru_map": {
      "version": "0.3.3",
      "resolved": "https://registry.npmjs.org/lru_map/-/lru_map-0.3.3.tgz",
      "integrity": "sha1-tcg1G5Rky9dQM1p5ZQoOwOVhGN0="
    },
    "moment": {
      "version": "2.22.2",
      "resolved": "https://registry.npmjs.org/moment/-/moment-2.22.2.tgz",
      "integrity": "sha1-PCV/mDn8DpP/UxSWMiOeuQeD/2Y="
    },
    "moment-timezone": {
      "version": "0.5.21",
      "resolved": "https://registry.npmjs.org/moment-timezone/-/moment-timezone-0.5.21.tgz",
      "integrity": "sha512-j96bAh4otsgj3lKydm3K7kdtA3iKf2m6MY2iSYCzCm5a1zmHo1g+aK3068dDEeocLZQIS9kU8bsdQHLqEvgW0A==",
      "requires": {
        "moment": ">= 2.9.0"
      }
    },
    "ms": {
      "version": "2.1.2",
      "resolved": "https://registry.npmjs.org/ms/-/ms-2.1.2.tgz",
      "integrity": "sha512-sGkPx+VjMtmA6MX27oA4FBFELFCZZ4S4XqeGOXCv68tT+jb3vk/RyaKWP0PTKyWtmLSM0b+adUTEvbs1PEaH2w=="
    },
    "prism-media": {
      "version": "0.0.3",
      "resolved": "https://registry.npmjs.org/prism-media/-/prism-media-0.0.3.tgz",
      "integrity": "sha512-c9KkNifSMU/iXT8FFTaBwBMr+rdVcN+H/uNv1o+CuFeTThNZNTOrQ+RgXA1yL/DeLk098duAeRPP3QNPNbhxYQ=="
    },
    "safe-buffer": {
      "version": "5.1.2",
      "resolved": "https://registry.npmjs.org/safe-buffer/-/safe-buffer-5.1.2.tgz",
      "integrity": "sha512-Gd2UZBJDkXlY7GbJxfsE8/nvKkUEU1G38c1siN6QP6a9PT9MmHB8GnpscSmMJSoF8LOIrt8ud/wPtojys4G6+g=="
    },
    "snekfetch": {
      "version": "3.6.4",
      "resolved": "https://registry.npmjs.org/snekfetch/-/snekfetch-3.6.4.tgz",
      "integrity": "sha512-NjxjITIj04Ffqid5lqr7XdgwM7X61c/Dns073Ly170bPQHLm6jkmelye/eglS++1nfTWktpP6Y2bFXjdPlQqdw=="
    },
    "tslib": {
      "version": "1.10.0",
      "resolved": "https://registry.npmjs.org/tslib/-/tslib-1.10.0.tgz",
      "integrity": "sha512-qOebF53frne81cf0S9B41ByenJ3/IuH8yJKngAX35CmiZySA0khhkovshKK+jGCaMnVomla7gVlIcc3EvKPbTQ=="
    },
    "tweetnacl": {
      "version": "1.0.0",
      "resolved": "https://registry.npmjs.org/tweetnacl/-/tweetnacl-1.0.0.tgz",
      "integrity": "sha1-cT2LgY2kIGh0C/aDhtBHnmb8ins="
    },
    "ws": {
      "version": "4.1.0",
      "resolved": "http://registry.npmjs.org/ws/-/ws-4.1.0.tgz",
      "integrity": "sha512-ZGh/8kF9rrRNffkLFV4AzhvooEclrOH0xaugmqGsIfFgOE/pIz4fMc4Ef+5HSQqTEug2S9JZIWDR47duDSLfaA==",
      "requires": {
        "async-limiter": "~1.0.0",
        "safe-buffer": "~5.1.0"
      }
    }
  }
}
